
Microsoft Visual Studio Solution File, Format Version 12.00
# Visual Studio 15
VisualStudioVersion = 15.0.26403.7
MinimumVisualStudioVersion = 10.0.40219.1
Project("{FAE04EC0-301F-11D3-BF4B-00C04F79EFBC}") = "VetClinic.Web", "VetClinic\VetClinic.Web.csproj", "{DD0A106B-AB28-4169-B970-A1F811F67A39}"
EndProject
Project("{00D1A9C2-B5F0-4AF3-8072-F6C62B433612}") = "VetClinic.Database", "VetClinic.Database\VetClinic.Database.sqlproj", "{CCB3FE4D-1996-40AA-89CD-DABCF22CBA3D}"
EndProject
Global
	GlobalSection(SolutionConfigurationPlatforms) = preSolution
		Debug|Any CPU = Debug|Any CPU
		Release|Any CPU = Release|Any CPU
	EndGlobalSection
	GlobalSection(ProjectConfigurationPlatforms) = postSolution
		{DD0A106B-AB28-4169-B970-A1F811F67A39}.Debug|Any CPU.ActiveCfg = Debug|Any CPU
		{DD0A106B-AB28-4169-B970-A1F811F67A39}.Debug|Any CPU.Build.0 = Debug|Any CPU
		{DD0A106B-AB28-4169-B970-A1F811F67A39}.Release|Any CPU.ActiveCfg = Release|Any CPU
		{DD0A106B-AB28-4169-B970-A1F811F67A39}.Release|Any CPU.Build.0 = Release|Any CPU
		{CCB3FE4D-1996-40AA-89CD-DABCF22CBA3D}.Debug|Any CPU.ActiveCfg = Debug|Any CPU
		{CCB3FE4D-1996-40AA-89CD-DABCF22CBA3D}.Debug|Any CPU.Build.0 = Debug|Any CPU
		{CCB3FE4D-1996-40AA-89CD-DABCF22CBA3D}.Debug|Any CPU.Deploy.0 = Debug|Any CPU
		{CCB3FE4D-1996-40AA-89CD-DABCF22CBA3D}.Release|Any CPU.ActiveCfg = Release|Any CPU
		{CCB3FE4D-1996-40AA-89CD-DABCF22CBA3D}.Release|Any CPU.Build.0 = Release|Any CPU
		{CCB3FE4D-1996-40AA-89CD-DABCF22CBA3D}.Release|Any CPU.Deploy.0 = Release|Any CPU
	EndGlobalSection
	GlobalSection(SolutionProperties) = preSolution
		HideSolutionNode = FALSE
	EndGlobalSection
EndGlobal
